
Microsoft Visual Studio Solution File, Format Version 12.00
# Visual Studio Version 17
VisualStudioVersion = 17.3.32901.215
MinimumVisualStudioVersion = 10.0.40219.1
Project("{FAE04EC0-301F-11D3-BF4B-00C04F79EFBC}") = "WebBanVeMayBay", "WebBanVeMayBay\WebBanVeMayBay.csproj", "{053CABA7-5BDD-4AEB-BB3B-FB42D392048F}"
EndProject
Global
	GlobalSection(SolutionConfigurationPlatforms) = preSolution
		Debug|Any CPU = Debug|Any CPU
		Release|Any CPU = Release|Any CPU
	EndGlobalSection
	GlobalSection(ProjectConfigurationPlatforms) = postSolution
		{053CABA7-5BDD-4AEB-BB3B-FB42D392048F}.Debug|Any CPU.ActiveCfg = Debug|Any CPU
		{053CABA7-5BDD-4AEB-BB3B-FB42D392048F}.Debug|Any CPU.Build.0 = Debug|Any CPU
		{053CABA7-5BDD-4AEB-BB3B-FB42D392048F}.Release|Any CPU.ActiveCfg = Release|Any CPU
		{053CABA7-5BDD-4AEB-BB3B-FB42D392048F}.Release|Any CPU.Build.0 = Release|Any CPU
	EndGlobalSection
	GlobalSection(SolutionProperties) = preSolution
		HideSolutionNode = FALSE
	EndGlobalSection
	GlobalSection(ExtensibilityGlobals) = postSolution
		SolutionGuid = {DE84E3DD-8EBF-475E-8067-BD73D0890E14}
	EndGlobalSection
EndGlobal
